
Microsoft Visual Studio Solution File, Format Version 12.00
# Visual Studio Version 16
VisualStudioVersion = 16.0.30309.148
MinimumVisualStudioVersion = 10.0.40219.1
Project("{FAE04EC0-301F-11D3-BF4B-00C04F79EFBC}") = "Part 1-3 assignment", "Part 1-3 assignment.csproj", "{3D07568B-922A-4874-8EF7-4333F8A1F500}"
EndProject
Global
	GlobalSection(SolutionConfigurationPlatforms) = preSolution
		Debug|Any CPU = Debug|Any CPU
		Release|Any CPU = Release|Any CPU
	EndGlobalSection
	GlobalSection(ProjectConfigurationPlatforms) = postSolution
		{3D07568B-922A-4874-8EF7-4333F8A1F500}.Debug|Any CPU.ActiveCfg = Debug|Any CPU
		{3D07568B-922A-4874-8EF7-4333F8A1F500}.Debug|Any CPU.Build.0 = Debug|Any CPU
		{3D07568B-922A-4874-8EF7-4333F8A1F500}.Release|Any CPU.ActiveCfg = Release|Any CPU
		{3D07568B-922A-4874-8EF7-4333F8A1F500}.Release|Any CPU.Build.0 = Release|Any CPU
	EndGlobalSection
	GlobalSection(SolutionProperties) = preSolution
		HideSolutionNode = FALSE
	EndGlobalSection
	GlobalSection(ExtensibilityGlobals) = postSolution
		SolutionGuid = {6BB61C74-2CDF-4CEA-8F4F-BE5BA4EDF559}
	EndGlobalSection
EndGlobal
